
Microsoft Visual Studio Solution File, Format Version 12.00
Project("{FAE04EC0-301F-11D3-BF4B-00C04F79EFBC}") = "TodoApp.API", "TodoApp.API\TodoApp.API.csproj", "{FDD0A2BC-DE38-4E6A-BBD6-E564613F8BCC}"
EndProject
Project("{FAE04EC0-301F-11D3-BF4B-00C04F79EFBC}") = "TodoApi.DATA", "TodoApi.DATA\TodoApi.DATA.csproj", "{BFD654B9-B7AC-4C09-9436-B1AC8B68886F}"
EndProject
Project("{FAE04EC0-301F-11D3-BF4B-00C04F79EFBC}") = "TodoApi.APP", "TodoApi.APP\TodoApi.APP.csproj", "{C2EABF6D-42BF-4589-BDDA-96C9D78F01F2}"
EndProject
Global
	GlobalSection(SolutionConfigurationPlatforms) = preSolution
		Debug|Any CPU = Debug|Any CPU
		Release|Any CPU = Release|Any CPU
	EndGlobalSection
	GlobalSection(ProjectConfigurationPlatforms) = postSolution
		{FDD0A2BC-DE38-4E6A-BBD6-E564613F8BCC}.Debug|Any CPU.ActiveCfg = Debug|Any CPU
		{FDD0A2BC-DE38-4E6A-BBD6-E564613F8BCC}.Debug|Any CPU.Build.0 = Debug|Any CPU
		{FDD0A2BC-DE38-4E6A-BBD6-E564613F8BCC}.Release|Any CPU.ActiveCfg = Release|Any CPU
		{FDD0A2BC-DE38-4E6A-BBD6-E564613F8BCC}.Release|Any CPU.Build.0 = Release|Any CPU
		{BFD654B9-B7AC-4C09-9436-B1AC8B68886F}.Debug|Any CPU.ActiveCfg = Debug|Any CPU
		{BFD654B9-B7AC-4C09-9436-B1AC8B68886F}.Debug|Any CPU.Build.0 = Debug|Any CPU
		{BFD654B9-B7AC-4C09-9436-B1AC8B68886F}.Release|Any CPU.ActiveCfg = Release|Any CPU
		{BFD654B9-B7AC-4C09-9436-B1AC8B68886F}.Release|Any CPU.Build.0 = Release|Any CPU
		{C2EABF6D-42BF-4589-BDDA-96C9D78F01F2}.Debug|Any CPU.ActiveCfg = Debug|Any CPU
		{C2EABF6D-42BF-4589-BDDA-96C9D78F01F2}.Debug|Any CPU.Build.0 = Debug|Any CPU
		{C2EABF6D-42BF-4589-BDDA-96C9D78F01F2}.Release|Any CPU.ActiveCfg = Release|Any CPU
		{C2EABF6D-42BF-4589-BDDA-96C9D78F01F2}.Release|Any CPU.Build.0 = Release|Any CPU
	EndGlobalSection
EndGlobal
